
Microsoft Visual Studio Solution File, Format Version 12.00
# Visual Studio 15
VisualStudioVersion = 15.0.28307.136
MinimumVisualStudioVersion = 10.0.40219.1
Project("{9A19103F-16F7-4668-BE54-9A1E7A4F7556}") = "ConsoleRPG", "ConsoleRPG\ConsoleRPG.csproj", "{62738797-CA4F-4E5A-B342-A5BDB38D0D48}"
EndProject
Project("{9A19103F-16F7-4668-BE54-9A1E7A4F7556}") = "ConsoleRPG.Tests", "ConsoleRPG.Tests\ConsoleRPG.Tests.csproj", "{C75EC09A-4CE5-448D-A220-F590A329720D}"
EndProject
Project("{9A19103F-16F7-4668-BE54-9A1E7A4F7556}") = "ConsoleRPG.App", "ConsoleRPG.App\ConsoleRPG.App.csproj", "{2172E170-1635-47E4-B459-E761C6E149A9}"
EndProject
Global
	GlobalSection(SolutionConfigurationPlatforms) = preSolution
		Debug|Any CPU = Debug|Any CPU
		Release|Any CPU = Release|Any CPU
	EndGlobalSection
	GlobalSection(ProjectConfigurationPlatforms) = postSolution
		{62738797-CA4F-4E5A-B342-A5BDB38D0D48}.Debug|Any CPU.ActiveCfg = Debug|Any CPU
		{62738797-CA4F-4E5A-B342-A5BDB38D0D48}.Debug|Any CPU.Build.0 = Debug|Any CPU
		{62738797-CA4F-4E5A-B342-A5BDB38D0D48}.Release|Any CPU.ActiveCfg = Release|Any CPU
		{62738797-CA4F-4E5A-B342-A5BDB38D0D48}.Release|Any CPU.Build.0 = Release|Any CPU
		{C75EC09A-4CE5-448D-A220-F590A329720D}.Debug|Any CPU.ActiveCfg = Debug|Any CPU
		{C75EC09A-4CE5-448D-A220-F590A329720D}.Debug|Any CPU.Build.0 = Debug|Any CPU
		{C75EC09A-4CE5-448D-A220-F590A329720D}.Release|Any CPU.ActiveCfg = Release|Any CPU
		{C75EC09A-4CE5-448D-A220-F590A329720D}.Release|Any CPU.Build.0 = Release|Any CPU
		{2172E170-1635-47E4-B459-E761C6E149A9}.Debug|Any CPU.ActiveCfg = Debug|Any CPU
		{2172E170-1635-47E4-B459-E761C6E149A9}.Debug|Any CPU.Build.0 = Debug|Any CPU
		{2172E170-1635-47E4-B459-E761C6E149A9}.Release|Any CPU.ActiveCfg = Release|Any CPU
		{2172E170-1635-47E4-B459-E761C6E149A9}.Release|Any CPU.Build.0 = Release|Any CPU
	EndGlobalSection
	GlobalSection(SolutionProperties) = preSolution
		HideSolutionNode = FALSE
	EndGlobalSection
	GlobalSection(ExtensibilityGlobals) = postSolution
		SolutionGuid = {BC114C96-5ADD-48CA-ACB8-115181104576}
	EndGlobalSection
EndGlobal
